
Microsoft Visual Studio Solution File, Format Version 12.00
# Visual Studio Version 17
VisualStudioVersion = 17.4.33403.182
MinimumVisualStudioVersion = 10.0.40219.1
Project("{9A19103F-16F7-4668-BE54-9A1E7A4F7556}") = "WebApp", "WebApp\WebApp.csproj", "{6B28BAD9-CB5B-4119-BC60-5137A9F5CF46}"
EndProject
Project("{9A19103F-16F7-4668-BE54-9A1E7A4F7556}") = "UseCases", "UseCases\UseCases.csproj", "{09A82DFB-0F41-43CB-A040-651C3F8FCD09}"
EndProject
Project("{9A19103F-16F7-4668-BE54-9A1E7A4F7556}") = "CoreBusiness", "CoreBusiness\CoreBusiness.csproj", "{70B990DE-9186-49AD-8FF8-827273EEB369}"
EndProject
Project("{9A19103F-16F7-4668-BE54-9A1E7A4F7556}") = "Plugins.Datastore.InMemory", "Plugins.Datastore.InMemory\Plugins.Datastore.InMemory.csproj", "{C0A06577-BEB4-4C41-B14B-CF1652DAA6C8}"
EndProject
Global
	GlobalSection(SolutionConfigurationPlatforms) = preSolution
		Debug|Any CPU = Debug|Any CPU
		Release|Any CPU = Release|Any CPU
	EndGlobalSection
	GlobalSection(ProjectConfigurationPlatforms) = postSolution
		{6B28BAD9-CB5B-4119-BC60-5137A9F5CF46}.Debug|Any CPU.ActiveCfg = Debug|Any CPU
		{6B28BAD9-CB5B-4119-BC60-5137A9F5CF46}.Debug|Any CPU.Build.0 = Debug|Any CPU
		{6B28BAD9-CB5B-4119-BC60-5137A9F5CF46}.Release|Any CPU.ActiveCfg = Release|Any CPU
		{6B28BAD9-CB5B-4119-BC60-5137A9F5CF46}.Release|Any CPU.Build.0 = Release|Any CPU
		{09A82DFB-0F41-43CB-A040-651C3F8FCD09}.Debug|Any CPU.ActiveCfg = Debug|Any CPU
		{09A82DFB-0F41-43CB-A040-651C3F8FCD09}.Debug|Any CPU.Build.0 = Debug|Any CPU
		{09A82DFB-0F41-43CB-A040-651C3F8FCD09}.Release|Any CPU.ActiveCfg = Release|Any CPU
		{09A82DFB-0F41-43CB-A040-651C3F8FCD09}.Release|Any CPU.Build.0 = Release|Any CPU
		{70B990DE-9186-49AD-8FF8-827273EEB369}.Debug|Any CPU.ActiveCfg = Debug|Any CPU
		{70B990DE-9186-49AD-8FF8-827273EEB369}.Debug|Any CPU.Build.0 = Debug|Any CPU
		{70B990DE-9186-49AD-8FF8-827273EEB369}.Release|Any CPU.ActiveCfg = Release|Any CPU
		{70B990DE-9186-49AD-8FF8-827273EEB369}.Release|Any CPU.Build.0 = Release|Any CPU
		{C0A06577-BEB4-4C41-B14B-CF1652DAA6C8}.Debug|Any CPU.ActiveCfg = Debug|Any CPU
		{C0A06577-BEB4-4C41-B14B-CF1652DAA6C8}.Debug|Any CPU.Build.0 = Debug|Any CPU
		{C0A06577-BEB4-4C41-B14B-CF1652DAA6C8}.Release|Any CPU.ActiveCfg = Release|Any CPU
		{C0A06577-BEB4-4C41-B14B-CF1652DAA6C8}.Release|Any CPU.Build.0 = Release|Any CPU
	EndGlobalSection
	GlobalSection(SolutionProperties) = preSolution
		HideSolutionNode = FALSE
	EndGlobalSection
	GlobalSection(ExtensibilityGlobals) = postSolution
		SolutionGuid = {349DE051-045A-4DF0-BA78-55825DD4D069}
	EndGlobalSection
EndGlobal
